
Microsoft Visual Studio Solution File, Format Version 12.00
# Visual Studio 15
VisualStudioVersion = 15.0.27703.2035
MinimumVisualStudioVersion = 10.0.40219.1
Project("{FAE04EC0-301F-11D3-BF4B-00C04F79EFBC}") = "AlgorithmsDataWritingApp", "AlgorithmsDataWritingApp\AlgorithmsDataWritingApp.csproj", "{B1FD80C1-5054-4FBC-B529-CBA8A9F27BDF}"
EndProject
Global
	GlobalSection(SolutionConfigurationPlatforms) = preSolution
		Debug|Any CPU = Debug|Any CPU
		Release|Any CPU = Release|Any CPU
	EndGlobalSection
	GlobalSection(ProjectConfigurationPlatforms) = postSolution
		{B1FD80C1-5054-4FBC-B529-CBA8A9F27BDF}.Debug|Any CPU.ActiveCfg = Debug|Any CPU
		{B1FD80C1-5054-4FBC-B529-CBA8A9F27BDF}.Debug|Any CPU.Build.0 = Debug|Any CPU
		{B1FD80C1-5054-4FBC-B529-CBA8A9F27BDF}.Release|Any CPU.ActiveCfg = Release|Any CPU
		{B1FD80C1-5054-4FBC-B529-CBA8A9F27BDF}.Release|Any CPU.Build.0 = Release|Any CPU
	EndGlobalSection
	GlobalSection(SolutionProperties) = preSolution
		HideSolutionNode = FALSE
	EndGlobalSection
	GlobalSection(ExtensibilityGlobals) = postSolution
		SolutionGuid = {9D40D087-81EC-493D-BF1E-272A15EBCBA3}
	EndGlobalSection
EndGlobal
